// !$*UTF8*$!
{
	archiveVersion = 1;
	classes = {
	};
	objectVersion = 50;
	objects = {

/* Begin PBXBuildFile section */
		0A1503AB2244B64600149D9F /* SetNameVC.swift in Sources */ = {isa = PBXBuildFile; fileRef = 0A1503AA2244B64600149D9F /* SetNameVC.swift */; };
		0A1503AD2244C3B900149D9F /* DesignableUITextField.swift in Sources */ = {isa = PBXBuildFile; fileRef = 0A1503AC2244C3B900149D9F /* DesignableUITextField.swift */; };
		0A18E31D22435DA500BDE385 /* VerificationView.swift in Sources */ = {isa = PBXBuildFile; fileRef = 0A18E31C22435DA500BDE385 /* VerificationView.swift */; };
		0A192F5422440B5100A9849A /* UserData.swift in Sources */ = {isa = PBXBuildFile; fileRef = 0A192F5322440B5100A9849A /* UserData.swift */; };
		0A20EEFB2242BC5000CCDCDF /* Converter.swift in Sources */ = {isa = PBXBuildFile; fileRef = 0A20EEF52242BC5000CCDCDF /* Converter.swift */; };
		0A20EEFC2242BC5000CCDCDF /* LanguageManager.swift in Sources */ = {isa = PBXBuildFile; fileRef = 0A20EEF62242BC5000CCDCDF /* LanguageManager.swift */; };
		0A20EEFD2242BC5000CCDCDF /* StringExtension.swift in Sources */ = {isa = PBXBuildFile; fileRef = 0A20EEF72242BC5000CCDCDF /* StringExtension.swift */; };
		0A20EEFF2242BC5000CCDCDF /* Event.swift in Sources */ = {isa = PBXBuildFile; fileRef = 0A20EEF92242BC5000CCDCDF /* Event.swift */; };
		0A20EF002242BC5000CCDCDF /* FilesManager.swift in Sources */ = {isa = PBXBuildFile; fileRef = 0A20EEFA2242BC5000CCDCDF /* FilesManager.swift */; };
		0A22CBB022464D7800F4CCB8 /* UIVIewExtension.swift in Sources */ = {isa = PBXBuildFile; fileRef = 0A22CBAF22464D7800F4CCB8 /* UIVIewExtension.swift */; };
		0A22CBB32246560700F4CCB8 /* Name.swift in Sources */ = {isa = PBXBuildFile; fileRef = 0A22CBB22246560700F4CCB8 /* Name.swift */; };
		0A22CBB5224690AD00F4CCB8 /* UILabel.swift in Sources */ = {isa = PBXBuildFile; fileRef = 0A22CBB4224690AD00F4CCB8 /* UILabel.swift */; };
		0A22CBB8224692F200F4CCB8 /* SetWeightVC.swift in Sources */ = {isa = PBXBuildFile; fileRef = 0A22CBB7224692F200F4CCB8 /* SetWeightVC.swift */; };
		0A22CBDC22469D7500F4CCB8 /* rns_light.otf in Resources */ = {isa = PBXBuildFile; fileRef = 0A22CBD122469D7400F4CCB8 /* rns_light.otf */; };
		0A22CBDD22469D7500F4CCB8 /* rns_bold.otf in Resources */ = {isa = PBXBuildFile; fileRef = 0A22CBD222469D7400F4CCB8 /* rns_bold.otf */; };
		0A22CBDE22469D7500F4CCB8 /* rns_thin.otf in Resources */ = {isa = PBXBuildFile; fileRef = 0A22CBD322469D7500F4CCB8 /* rns_thin.otf */; };
		0A22CBDF22469D7500F4CCB8 /* gotham_pro_light.ttf in Resources */ = {isa = PBXBuildFile; fileRef = 0A22CBD422469D7500F4CCB8 /* gotham_pro_light.ttf */; };
		0A22CBE022469D7500F4CCB8 /* rns_xbold.otf in Resources */ = {isa = PBXBuildFile; fileRef = 0A22CBD522469D7500F4CCB8 /* rns_xbold.otf */; };
		0A22CBE122469D7500F4CCB8 /* gotham_pro_bold.ttf in Resources */ = {isa = PBXBuildFile; fileRef = 0A22CBD622469D7500F4CCB8 /* gotham_pro_bold.ttf */; };
		0A22CBE222469D7500F4CCB8 /* rns_regular.otf in Resources */ = {isa = PBXBuildFile; fileRef = 0A22CBD722469D7500F4CCB8 /* rns_regular.otf */; };
		0A22CBE322469D7500F4CCB8 /* rns_medium.otf in Resources */ = {isa = PBXBuildFile; fileRef = 0A22CBD822469D7500F4CCB8 /* rns_medium.otf */; };
		0A22CBE422469D7500F4CCB8 /* gotham_pro_regular.ttf in Resources */ = {isa = PBXBuildFile; fileRef = 0A22CBD922469D7500F4CCB8 /* gotham_pro_regular.ttf */; };
		0A22CBE522469D7500F4CCB8 /* gotham_pro_medium.ttf in Resources */ = {isa = PBXBuildFile; fileRef = 0A22CBDA22469D7500F4CCB8 /* gotham_pro_medium.ttf */; };
		0A22CBE622469D7500F4CCB8 /* rns_black.otf in Resources */ = {isa = PBXBuildFile; fileRef = 0A22CBDB22469D7500F4CCB8 /* rns_black.otf */; };
		0A2490012250CE6300287773 /* ChatVC.swift in Sources */ = {isa = PBXBuildFile; fileRef = 0A2490002250CE6300287773 /* ChatVC.swift */; };
		0A2490032250D0A500287773 /* MockMessage.swift in Sources */ = {isa = PBXBuildFile; fileRef = 0A2490022250D0A500287773 /* MockMessage.swift */; };
		0A2490052250D0C400287773 /* MockSocket.swift in Sources */ = {isa = PBXBuildFile; fileRef = 0A2490042250D0C400287773 /* MockSocket.swift */; };
		0A2490082250D11700287773 /* SampleData.swift in Sources */ = {isa = PBXBuildFile; fileRef = 0A2490072250D11700287773 /* SampleData.swift */; };
		0A24900A2250D14200287773 /* Lorem.swift in Sources */ = {isa = PBXBuildFile; fileRef = 0A2490092250D14200287773 /* Lorem.swift */; };
		0A24900D2250D16E00287773 /* UIColor.swift in Sources */ = {isa = PBXBuildFile; fileRef = 0A24900C2250D16E00287773 /* UIColor.swift */; };
		0A2490102250D18A00287773 /* UIViewController.swift in Sources */ = {isa = PBXBuildFile; fileRef = 0A24900F2250D18A00287773 /* UIViewController.swift */; };
		0A2490122250D1F900287773 /* UserDefaults.swift in Sources */ = {isa = PBXBuildFile; fileRef = 0A2490112250D1F900287773 /* UserDefaults.swift */; };
		0A2490142250D5E400287773 /* ChatBaseVC.swift in Sources */ = {isa = PBXBuildFile; fileRef = 0A2490132250D5E300287773 /* ChatBaseVC.swift */; };
		0A25742C2242205100D45B7E /* LoginVC.swift in Sources */ = {isa = PBXBuildFile; fileRef = 0A25742B2242205100D45B7E /* LoginVC.swift */; };
		0A2BCDA52242C51900EB97C4 /* GoogleService-Info.plist in Resources */ = {isa = PBXBuildFile; fileRef = 0A2BCDA42242C51900EB97C4 /* GoogleService-Info.plist */; };
		0A4A84F0224577C600C960C0 /* KeyboardVC.swift in Sources */ = {isa = PBXBuildFile; fileRef = 0A4A84EF224577C600C960C0 /* KeyboardVC.swift */; };
		0A64E1D72240CA0B008301AD /* AppDelegate.swift in Sources */ = {isa = PBXBuildFile; fileRef = 0A64E1D62240CA0B008301AD /* AppDelegate.swift */; };
		0A64E1DE2240CA0B008301AD /* Assets.xcassets in Resources */ = {isa = PBXBuildFile; fileRef = 0A64E1DD2240CA0B008301AD /* Assets.xcassets */; };
		0A64E1E12240CA0B008301AD /* LaunchScreen.storyboard in Resources */ = {isa = PBXBuildFile; fileRef = 0A64E1DF2240CA0B008301AD /* LaunchScreen.storyboard */; };
		0A6B5F0C2247A78300B5AB9F /* SetGenderVC.swift in Sources */ = {isa = PBXBuildFile; fileRef = 0A6B5F0B2247A78300B5AB9F /* SetGenderVC.swift */; };
		0A6B5F0E2247C20100B5AB9F /* UI.swift in Sources */ = {isa = PBXBuildFile; fileRef = 0A6B5F0D2247C20100B5AB9F /* UI.swift */; };
		0A6B5F102247C51A00B5AB9F /* SetGrowthVC.swift in Sources */ = {isa = PBXBuildFile; fileRef = 0A6B5F0F2247C51A00B5AB9F /* SetGrowthVC.swift */; };
		0A6B5F142247CDEA00B5AB9F /* Growth.swift in Sources */ = {isa = PBXBuildFile; fileRef = 0A6B5F132247CDEA00B5AB9F /* Growth.swift */; };
		0A6B5F162247CE5000B5AB9F /* Weight.swift in Sources */ = {isa = PBXBuildFile; fileRef = 0A6B5F152247CE5000B5AB9F /* Weight.swift */; };
		0A6B5F182247D02A00B5AB9F /* SetBirthdayVC.swift in Sources */ = {isa = PBXBuildFile; fileRef = 0A6B5F172247D02A00B5AB9F /* SetBirthdayVC.swift */; };
		0A829515224BFD6800A44ECE /* DashboardVC.swift in Sources */ = {isa = PBXBuildFile; fileRef = 0A829514224BFD6800A44ECE /* DashboardVC.swift */; };
		0A8DA4842250000100A49029 /* FireDatabase.swift in Sources */ = {isa = PBXBuildFile; fileRef = 0A8DA4832250000100A49029 /* FireDatabase.swift */; };
		0A8DA486225004C500A49029 /* FireFunctions.swift in Sources */ = {isa = PBXBuildFile; fileRef = 0A8DA485225004C500A49029 /* FireFunctions.swift */; };
		0AC61D6B224B5899001A9CA7 /* HistoryVC.swift in Sources */ = {isa = PBXBuildFile; fileRef = 0AC61D6A224B5899001A9CA7 /* HistoryVC.swift */; };
		0AC61D6D224B58BF001A9CA7 /* WeightVC.swift in Sources */ = {isa = PBXBuildFile; fileRef = 0AC61D6C224B58BF001A9CA7 /* WeightVC.swift */; };
		0AD251F4224AB849001E83BC /* CalendarVC.swift in Sources */ = {isa = PBXBuildFile; fileRef = 0AD251F3224AB849001E83BC /* CalendarVC.swift */; };
		0AD251F8224AB8AB001E83BC /* PurchasesVC.swift in Sources */ = {isa = PBXBuildFile; fileRef = 0AD251F7224AB8AB001E83BC /* PurchasesVC.swift */; };
		0AD251FA224AB8D5001E83BC /* ProfileVC.swift in Sources */ = {isa = PBXBuildFile; fileRef = 0AD251F9224AB8D5001E83BC /* ProfileVC.swift */; };
		0AEAD3AB224965AA000F3F81 /* HomeTabsVC.swift in Sources */ = {isa = PBXBuildFile; fileRef = 0AEAD3AA224965AA000F3F81 /* HomeTabsVC.swift */; };
		5CB2F9E8B4E2FF4A123D4751 /* Pods_FoodEx.framework in Frameworks */ = {isa = PBXBuildFile; fileRef = BB22A149C2C0BB963E649781 /* Pods_FoodEx.framework */; };
		CE1113A7225897D3007027A6 /* UITableViewCellKor.swift in Sources */ = {isa = PBXBuildFile; fileRef = CE1113A6225897D3007027A6 /* UITableViewCellKor.swift */; };
		CE12162C2276E3DD00A3F1F8 /* PromoCard.xib in Resources */ = {isa = PBXBuildFile; fileRef = CE12162B2276E3DD00A3F1F8 /* PromoCard.xib */; };
		CE1302FF226CB71600C5CD81 /* MealView.xib in Resources */ = {isa = PBXBuildFile; fileRef = CE1302FE226CB71600C5CD81 /* MealView.xib */; };
		CE130301226CC38E00C5CD81 /* CardView.swift in Sources */ = {isa = PBXBuildFile; fileRef = CE130300226CC38E00C5CD81 /* CardView.swift */; };
		CE145FF22266F2E2007E7747 /* RatingVC.swift in Sources */ = {isa = PBXBuildFile; fileRef = CE145FF12266F2E2007E7747 /* RatingVC.swift */; };
		CE145FF42266F429007E7747 /* ManagerVC.swift in Sources */ = {isa = PBXBuildFile; fileRef = CE145FF32266F429007E7747 /* ManagerVC.swift */; };
		CE15317822759B1D002DFC3B /* PromoCard.swift in Sources */ = {isa = PBXBuildFile; fileRef = CE15317722759B1D002DFC3B /* PromoCard.swift */; };
		CE15317C22759EAB002DFC3B /* Promo.swift in Sources */ = {isa = PBXBuildFile; fileRef = CE15317B22759EAB002DFC3B /* Promo.swift */; };
		CE1989EF2261D76200F496B9 /* CalendarDietCell.swift in Sources */ = {isa = PBXBuildFile; fileRef = CE1989EE2261D76200F496B9 /* CalendarDietCell.swift */; };
		CE19A56C22690E6A00A9013F /* Manager.swift in Sources */ = {isa = PBXBuildFile; fileRef = CE19A56B22690E6A00A9013F /* Manager.swift */; };
		CE19A56E2269103200A9013F /* PhoneNumber.swift in Sources */ = {isa = PBXBuildFile; fileRef = CE19A56D2269103200A9013F /* PhoneNumber.swift */; };
		CE1A468A226F7B6A00FE1D42 /* Meal.swift in Sources */ = {isa = PBXBuildFile; fileRef = CE1A4689226F7B6A00FE1D42 /* Meal.swift */; };
		CE1A468C226F826600FE1D42 /* Dish.swift in Sources */ = {isa = PBXBuildFile; fileRef = CE1A468B226F826600FE1D42 /* Dish.swift */; };
		CE1C4C00225FAD6C00F7BF9E /* UIButton.swift in Sources */ = {isa = PBXBuildFile; fileRef = CE1C4BFF225FAD6C00F7BF9E /* UIButton.swift */; };
		CE1C4C02225FB0A600F7BF9E /* UITextField.swift in Sources */ = {isa = PBXBuildFile; fileRef = CE1C4C01225FB0A600F7BF9E /* UITextField.swift */; };
		CE1C4C04225FB5BB00F7BF9E /* UITabBarItem.swift in Sources */ = {isa = PBXBuildFile; fileRef = CE1C4C03225FB5BB00F7BF9E /* UITabBarItem.swift */; };
		CE24AE3022770E770073A65F /* Technical.swift in Sources */ = {isa = PBXBuildFile; fileRef = CE24AE2F22770E770073A65F /* Technical.swift */; };
		CE24D4902257DA14002F423C /* Encodable.swift in Sources */ = {isa = PBXBuildFile; fileRef = CE24D48F2257DA14002F423C /* Encodable.swift */; };
		CE2652FE2263652B00E407D4 /* CalendarDayHeader.swift in Sources */ = {isa = PBXBuildFile; fileRef = CE2652FD2263652B00E407D4 /* CalendarDayHeader.swift */; };
		CE26C430226D00A9002D6D89 /* DishView.xib in Resources */ = {isa = PBXBuildFile; fileRef = CE26C42F226D00A9002D6D89 /* DishView.xib */; };
		CE26C432226D00FE002D6D89 /* DishView.swift in Sources */ = {isa = PBXBuildFile; fileRef = CE26C431226D00FE002D6D89 /* DishView.swift */; };
		CE29A05F2275E1F0000E9282 /* Program.swift in Sources */ = {isa = PBXBuildFile; fileRef = CE29A05E2275E1F0000E9282 /* Program.swift */; };
		CE29A0612275E6BD000E9282 /* ProgramView.xib in Resources */ = {isa = PBXBuildFile; fileRef = CE29A0602275E6BD000E9282 /* ProgramView.xib */; };
		CE29A0652275FCCD000E9282 /* ProgramView.swift in Sources */ = {isa = PBXBuildFile; fileRef = CE29A0642275FCCD000E9282 /* ProgramView.swift */; };
		CE32FE6C226E3ADA00A57091 /* UIView.swift in Sources */ = {isa = PBXBuildFile; fileRef = CE32FE6B226E3ADA00A57091 /* UIView.swift */; };
		CE32FE6E226E436500A57091 /* CalendarVC-ext.swift in Sources */ = {isa = PBXBuildFile; fileRef = CE32FE6D226E436500A57091 /* CalendarVC-ext.swift */; };
		CE6DD1482268FF93005E1872 /* RootMainVC.swift in Sources */ = {isa = PBXBuildFile; fileRef = CE6DD1472268FF93005E1872 /* RootMainVC.swift */; };
		CEA3EB30226BB86F00DECB79 /* MealView.swift in Sources */ = {isa = PBXBuildFile; fileRef = CEA3EB2F226BB86F00DECB79 /* MealView.swift */; };
		CEBFF32D225E7AC400C2E5DD /* Signing.storyboard in Resources */ = {isa = PBXBuildFile; fileRef = CEBFF32B225E7AC300C2E5DD /* Signing.storyboard */; };
		CEBFF33E225E7CB200C2E5DD /* Localizable.strings in Resources */ = {isa = PBXBuildFile; fileRef = CEBFF340225E7CB200C2E5DD /* Localizable.strings */; };
		CEDC69C3225E5AC80034FA63 /* Main.storyboard in Resources */ = {isa = PBXBuildFile; fileRef = CEDC69C1225E5AC80034FA63 /* Main.storyboard */; };
		CEDD4D7422748A2300EE696D /* DietDay.swift in Sources */ = {isa = PBXBuildFile; fileRef = CEDD4D7322748A2300EE696D /* DietDay.swift */; };
/* End PBXBuildFile section */

/* Begin PBXFileReference section */
		0A1503AA2244B64600149D9F /* SetNameVC.swift */ = {isa = PBXFileReference; lastKnownFileType = sourcecode.swift; path = SetNameVC.swift; sourceTree = "<group>"; };
		0A1503AC2244C3B900149D9F /* DesignableUITextField.swift */ = {isa = PBXFileReference; lastKnownFileType = sourcecode.swift; path = DesignableUITextField.swift; sourceTree = "<group>"; };
		0A18E31C22435DA500BDE385 /* VerificationView.swift */ = {isa = PBXFileReference; lastKnownFileType = sourcecode.swift; path = VerificationView.swift; sourceTree = "<group>"; };
		0A192F5322440B5100A9849A /* UserData.swift */ = {isa = PBXFileReference; lastKnownFileType = sourcecode.swift; path = UserData.swift; sourceTree = "<group>"; };
		0A20EEF52242BC5000CCDCDF /* Converter.swift */ = {isa = PBXFileReference; fileEncoding = 4; lastKnownFileType = sourcecode.swift; path = Converter.swift; sourceTree = "<group>"; };
		0A20EEF62242BC5000CCDCDF /* LanguageManager.swift */ = {isa = PBXFileReference; fileEncoding = 4; lastKnownFileType = sourcecode.swift; path = LanguageManager.swift; sourceTree = "<group>"; };
		0A20EEF72242BC5000CCDCDF /* StringExtension.swift */ = {isa = PBXFileReference; fileEncoding = 4; lastKnownFileType = sourcecode.swift; path = StringExtension.swift; sourceTree = "<group>"; };
		0A20EEF92242BC5000CCDCDF /* Event.swift */ = {isa = PBXFileReference; fileEncoding = 4; lastKnownFileType = sourcecode.swift; path = Event.swift; sourceTree = "<group>"; };
		0A20EEFA2242BC5000CCDCDF /* FilesManager.swift */ = {isa = PBXFileReference; fileEncoding = 4; lastKnownFileType = sourcecode.swift; path = FilesManager.swift; sourceTree = "<group>"; };
		0A22CBAF22464D7800F4CCB8 /* UIVIewExtension.swift */ = {isa = PBXFileReference; lastKnownFileType = sourcecode.swift; path = UIVIewExtension.swift; sourceTree = "<group>"; };
		0A22CBB22246560700F4CCB8 /* Name.swift */ = {isa = PBXFileReference; lastKnownFileType = sourcecode.swift; path = Name.swift; sourceTree = "<group>"; };
		0A22CBB4224690AD00F4CCB8 /* UILabel.swift */ = {isa = PBXFileReference; lastKnownFileType = sourcecode.swift; path = UILabel.swift; sourceTree = "<group>"; };
		0A22CBB7224692F200F4CCB8 /* SetWeightVC.swift */ = {isa = PBXFileReference; lastKnownFileType = sourcecode.swift; path = SetWeightVC.swift; sourceTree = "<group>"; };
		0A22CBD122469D7400F4CCB8 /* rns_light.otf */ = {isa = PBXFileReference; lastKnownFileType = file; path = rns_light.otf; sourceTree = "<group>"; };
		0A22CBD222469D7400F4CCB8 /* rns_bold.otf */ = {isa = PBXFileReference; lastKnownFileType = file; path = rns_bold.otf; sourceTree = "<group>"; };
		0A22CBD322469D7500F4CCB8 /* rns_thin.otf */ = {isa = PBXFileReference; lastKnownFileType = file; path = rns_thin.otf; sourceTree = "<group>"; };
		0A22CBD422469D7500F4CCB8 /* gotham_pro_light.ttf */ = {isa = PBXFileReference; lastKnownFileType = file; path = gotham_pro_light.ttf; sourceTree = "<group>"; };
		0A22CBD522469D7500F4CCB8 /* rns_xbold.otf */ = {isa = PBXFileReference; lastKnownFileType = file; path = rns_xbold.otf; sourceTree = "<group>"; };
		0A22CBD622469D7500F4CCB8 /* gotham_pro_bold.ttf */ = {isa = PBXFileReference; lastKnownFileType = file; path = gotham_pro_bold.ttf; sourceTree = "<group>"; };
		0A22CBD722469D7500F4CCB8 /* rns_regular.otf */ = {isa = PBXFileReference; lastKnownFileType = file; path = rns_regular.otf; sourceTree = "<group>"; };
		0A22CBD822469D7500F4CCB8 /* rns_medium.otf */ = {isa = PBXFileReference; lastKnownFileType = file; path = rns_medium.otf; sourceTree = "<group>"; };
		0A22CBD922469D7500F4CCB8 /* gotham_pro_regular.ttf */ = {isa = PBXFileReference; lastKnownFileType = file; path = gotham_pro_regular.ttf; sourceTree = "<group>"; };
		0A22CBDA22469D7500F4CCB8 /* gotham_pro_medium.ttf */ = {isa = PBXFileReference; lastKnownFileType = file; path = gotham_pro_medium.ttf; sourceTree = "<group>"; };
		0A22CBDB22469D7500F4CCB8 /* rns_black.otf */ = {isa = PBXFileReference; lastKnownFileType = file; path = rns_black.otf; sourceTree = "<group>"; };
		0A2490002250CE6300287773 /* ChatVC.swift */ = {isa = PBXFileReference; lastKnownFileType = sourcecode.swift; path = ChatVC.swift; sourceTree = "<group>"; };
		0A2490022250D0A500287773 /* MockMessage.swift */ = {isa = PBXFileReference; lastKnownFileType = sourcecode.swift; path = MockMessage.swift; sourceTree = "<group>"; };
		0A2490042250D0C400287773 /* MockSocket.swift */ = {isa = PBXFileReference; lastKnownFileType = sourcecode.swift; path = MockSocket.swift; sourceTree = "<group>"; };
		0A2490072250D11700287773 /* SampleData.swift */ = {isa = PBXFileReference; lastKnownFileType = sourcecode.swift; path = SampleData.swift; sourceTree = "<group>"; };
		0A2490092250D14200287773 /* Lorem.swift */ = {isa = PBXFileReference; lastKnownFileType = sourcecode.swift; path = Lorem.swift; sourceTree = "<group>"; };
		0A24900C2250D16E00287773 /* UIColor.swift */ = {isa = PBXFileReference; lastKnownFileType = sourcecode.swift; path = UIColor.swift; sourceTree = "<group>"; };
		0A24900F2250D18A00287773 /* UIViewController.swift */ = {isa = PBXFileReference; lastKnownFileType = sourcecode.swift; path = UIViewController.swift; sourceTree = "<group>"; };
		0A2490112250D1F900287773 /* UserDefaults.swift */ = {isa = PBXFileReference; lastKnownFileType = sourcecode.swift; path = UserDefaults.swift; sourceTree = "<group>"; };
		0A2490132250D5E300287773 /* ChatBaseVC.swift */ = {isa = PBXFileReference; lastKnownFileType = sourcecode.swift; path = ChatBaseVC.swift; sourceTree = "<group>"; };
		0A25742B2242205100D45B7E /* LoginVC.swift */ = {isa = PBXFileReference; lastKnownFileType = sourcecode.swift; path = LoginVC.swift; sourceTree = "<group>"; };
		0A2BCDA42242C51900EB97C4 /* GoogleService-Info.plist */ = {isa = PBXFileReference; fileEncoding = 4; lastKnownFileType = text.plist.xml; path = "GoogleService-Info.plist"; sourceTree = SOURCE_ROOT; };
		0A4A84EF224577C600C960C0 /* KeyboardVC.swift */ = {isa = PBXFileReference; lastKnownFileType = sourcecode.swift; path = KeyboardVC.swift; sourceTree = "<group>"; };
		0A64E1D32240CA0B008301AD /* FoodEx.app */ = {isa = PBXFileReference; explicitFileType = wrapper.application; includeInIndex = 0; path = FoodEx.app; sourceTree = BUILT_PRODUCTS_DIR; };
		0A64E1D62240CA0B008301AD /* AppDelegate.swift */ = {isa = PBXFileReference; lastKnownFileType = sourcecode.swift; path = AppDelegate.swift; sourceTree = "<group>"; };
		0A64E1DD2240CA0B008301AD /* Assets.xcassets */ = {isa = PBXFileReference; lastKnownFileType = folder.assetcatalog; path = Assets.xcassets; sourceTree = "<group>"; };
		0A64E1E22240CA0B008301AD /* Info.plist */ = {isa = PBXFileReference; lastKnownFileType = text.plist.xml; path = Info.plist; sourceTree = "<group>"; };
		0A6B5F0B2247A78300B5AB9F /* SetGenderVC.swift */ = {isa = PBXFileReference; lastKnownFileType = sourcecode.swift; path = SetGenderVC.swift; sourceTree = "<group>"; };
		0A6B5F0D2247C20100B5AB9F /* UI.swift */ = {isa = PBXFileReference; lastKnownFileType = sourcecode.swift; path = UI.swift; sourceTree = "<group>"; };
		0A6B5F0F2247C51A00B5AB9F /* SetGrowthVC.swift */ = {isa = PBXFileReference; fileEncoding = 4; lastKnownFileType = sourcecode.swift; path = SetGrowthVC.swift; sourceTree = "<group>"; };
		0A6B5F132247CDEA00B5AB9F /* Growth.swift */ = {isa = PBXFileReference; lastKnownFileType = sourcecode.swift; path = Growth.swift; sourceTree = "<group>"; };
		0A6B5F152247CE5000B5AB9F /* Weight.swift */ = {isa = PBXFileReference; lastKnownFileType = sourcecode.swift; path = Weight.swift; sourceTree = "<group>"; };
		0A6B5F172247D02A00B5AB9F /* SetBirthdayVC.swift */ = {isa = PBXFileReference; lastKnownFileType = sourcecode.swift; path = SetBirthdayVC.swift; sourceTree = "<group>"; };
		0A829514224BFD6800A44ECE /* DashboardVC.swift */ = {isa = PBXFileReference; lastKnownFileType = sourcecode.swift; path = DashboardVC.swift; sourceTree = "<group>"; };
		0A8DA4832250000100A49029 /* FireDatabase.swift */ = {isa = PBXFileReference; lastKnownFileType = sourcecode.swift; path = FireDatabase.swift; sourceTree = "<group>"; };
		0A8DA485225004C500A49029 /* FireFunctions.swift */ = {isa = PBXFileReference; lastKnownFileType = sourcecode.swift; path = FireFunctions.swift; sourceTree = "<group>"; };
		0AC61D6A224B5899001A9CA7 /* HistoryVC.swift */ = {isa = PBXFileReference; lastKnownFileType = sourcecode.swift; path = HistoryVC.swift; sourceTree = "<group>"; };
		0AC61D6C224B58BF001A9CA7 /* WeightVC.swift */ = {isa = PBXFileReference; lastKnownFileType = sourcecode.swift; path = WeightVC.swift; sourceTree = "<group>"; };
		0AD251F3224AB849001E83BC /* CalendarVC.swift */ = {isa = PBXFileReference; lastKnownFileType = sourcecode.swift; path = CalendarVC.swift; sourceTree = "<group>"; };
		0AD251F7224AB8AB001E83BC /* PurchasesVC.swift */ = {isa = PBXFileReference; lastKnownFileType = sourcecode.swift; path = PurchasesVC.swift; sourceTree = "<group>"; };
		0AD251F9224AB8D5001E83BC /* ProfileVC.swift */ = {isa = PBXFileReference; lastKnownFileType = sourcecode.swift; path = ProfileVC.swift; sourceTree = "<group>"; };
		0AEAD3AA224965AA000F3F81 /* HomeTabsVC.swift */ = {isa = PBXFileReference; lastKnownFileType = sourcecode.swift; path = HomeTabsVC.swift; sourceTree = "<group>"; };
		199D5C7C833CEFCEA831283A /* Pods-FoodEx.release.xcconfig */ = {isa = PBXFileReference; includeInIndex = 1; lastKnownFileType = text.xcconfig; name = "Pods-FoodEx.release.xcconfig"; path = "Pods/Target Support Files/Pods-FoodEx/Pods-FoodEx.release.xcconfig"; sourceTree = "<group>"; };
		BB22A149C2C0BB963E649781 /* Pods_FoodEx.framework */ = {isa = PBXFileReference; explicitFileType = wrapper.framework; includeInIndex = 0; path = Pods_FoodEx.framework; sourceTree = BUILT_PRODUCTS_DIR; };
		CE1113A6225897D3007027A6 /* UITableViewCellKor.swift */ = {isa = PBXFileReference; lastKnownFileType = sourcecode.swift; path = UITableViewCellKor.swift; sourceTree = "<group>"; };
		CE1205F92268F4B800F0736A /* FoodEx.entitlements */ = {isa = PBXFileReference; lastKnownFileType = text.plist.entitlements; path = FoodEx.entitlements; sourceTree = "<group>"; };
		CE12162B2276E3DD00A3F1F8 /* PromoCard.xib */ = {isa = PBXFileReference; lastKnownFileType = file.xib; path = PromoCard.xib; sourceTree = "<group>"; };
		CE1302FE226CB71600C5CD81 /* MealView.xib */ = {isa = PBXFileReference; lastKnownFileType = file.xib; path = MealView.xib; sourceTree = "<group>"; };
		CE130300226CC38E00C5CD81 /* CardView.swift */ = {isa = PBXFileReference; lastKnownFileType = sourcecode.swift; path = CardView.swift; sourceTree = "<group>"; };
		CE145FF12266F2E2007E7747 /* RatingVC.swift */ = {isa = PBXFileReference; lastKnownFileType = sourcecode.swift; path = RatingVC.swift; sourceTree = "<group>"; };
		CE145FF32266F429007E7747 /* ManagerVC.swift */ = {isa = PBXFileReference; lastKnownFileType = sourcecode.swift; path = ManagerVC.swift; sourceTree = "<group>"; };
		CE15317722759B1D002DFC3B /* PromoCard.swift */ = {isa = PBXFileReference; lastKnownFileType = sourcecode.swift; path = PromoCard.swift; sourceTree = "<group>"; };
		CE15317B22759EAB002DFC3B /* Promo.swift */ = {isa = PBXFileReference; lastKnownFileType = sourcecode.swift; path = Promo.swift; sourceTree = "<group>"; };
		CE1989EE2261D76200F496B9 /* CalendarDietCell.swift */ = {isa = PBXFileReference; lastKnownFileType = sourcecode.swift; path = CalendarDietCell.swift; sourceTree = "<group>"; };
		CE19A56B22690E6A00A9013F /* Manager.swift */ = {isa = PBXFileReference; lastKnownFileType = sourcecode.swift; path = Manager.swift; sourceTree = "<group>"; };
		CE19A56D2269103200A9013F /* PhoneNumber.swift */ = {isa = PBXFileReference; lastKnownFileType = sourcecode.swift; path = PhoneNumber.swift; sourceTree = "<group>"; };
		CE1A4689226F7B6A00FE1D42 /* Meal.swift */ = {isa = PBXFileReference; lastKnownFileType = sourcecode.swift; path = Meal.swift; sourceTree = "<group>"; };
		CE1A468B226F826600FE1D42 /* Dish.swift */ = {isa = PBXFileReference; lastKnownFileType = sourcecode.swift; path = Dish.swift; sourceTree = "<group>"; };
		CE1C4BFB225FA6D500F7BF9E /* uk */ = {isa = PBXFileReference; lastKnownFileType = text.plist.strings; name = uk; path = uk.lproj/LaunchScreen.strings; sourceTree = "<group>"; };
		CE1C4BFC225FA6D700F7BF9E /* uk */ = {isa = PBXFileReference; lastKnownFileType = text.plist.strings; name = uk; path = uk.lproj/Main.strings; sourceTree = "<group>"; };
		CE1C4BFD225FA6D800F7BF9E /* uk */ = {isa = PBXFileReference; lastKnownFileType = text.plist.strings; name = uk; path = uk.lproj/Signing.strings; sourceTree = "<group>"; };
		CE1C4BFE225FA6D900F7BF9E /* uk */ = {isa = PBXFileReference; lastKnownFileType = text.plist.strings; name = uk; path = uk.lproj/Localizable.strings; sourceTree = "<group>"; };
		CE1C4BFF225FAD6C00F7BF9E /* UIButton.swift */ = {isa = PBXFileReference; lastKnownFileType = sourcecode.swift; path = UIButton.swift; sourceTree = "<group>"; };
		CE1C4C01225FB0A600F7BF9E /* UITextField.swift */ = {isa = PBXFileReference; lastKnownFileType = sourcecode.swift; path = UITextField.swift; sourceTree = "<group>"; };
		CE1C4C03225FB5BB00F7BF9E /* UITabBarItem.swift */ = {isa = PBXFileReference; lastKnownFileType = sourcecode.swift; path = UITabBarItem.swift; sourceTree = "<group>"; };
		CE24AE2F22770E770073A65F /* Technical.swift */ = {isa = PBXFileReference; lastKnownFileType = sourcecode.swift; path = Technical.swift; sourceTree = "<group>"; };
		CE24D48F2257DA14002F423C /* Encodable.swift */ = {isa = PBXFileReference; lastKnownFileType = sourcecode.swift; path = Encodable.swift; sourceTree = "<group>"; };
		CE2652FD2263652B00E407D4 /* CalendarDayHeader.swift */ = {isa = PBXFileReference; lastKnownFileType = sourcecode.swift; path = CalendarDayHeader.swift; sourceTree = "<group>"; };
		CE26C42F226D00A9002D6D89 /* DishView.xib */ = {isa = PBXFileReference; lastKnownFileType = file.xib; path = DishView.xib; sourceTree = "<group>"; };
		CE26C431226D00FE002D6D89 /* DishView.swift */ = {isa = PBXFileReference; lastKnownFileType = sourcecode.swift; path = DishView.swift; sourceTree = "<group>"; };
		CE29A05E2275E1F0000E9282 /* Program.swift */ = {isa = PBXFileReference; lastKnownFileType = sourcecode.swift; path = Program.swift; sourceTree = "<group>"; };
		CE29A0602275E6BD000E9282 /* ProgramView.xib */ = {isa = PBXFileReference; lastKnownFileType = file.xib; path = ProgramView.xib; sourceTree = "<group>"; };
		CE29A0642275FCCD000E9282 /* ProgramView.swift */ = {isa = PBXFileReference; lastKnownFileType = sourcecode.swift; path = ProgramView.swift; sourceTree = "<group>"; };
		CE32FE6B226E3ADA00A57091 /* UIView.swift */ = {isa = PBXFileReference; lastKnownFileType = sourcecode.swift; path = UIView.swift; sourceTree = "<group>"; };
		CE32FE6D226E436500A57091 /* CalendarVC-ext.swift */ = {isa = PBXFileReference; lastKnownFileType = sourcecode.swift; path = "CalendarVC-ext.swift"; sourceTree = "<group>"; };
		CE6DD1472268FF93005E1872 /* RootMainVC.swift */ = {isa = PBXFileReference; lastKnownFileType = sourcecode.swift; path = RootMainVC.swift; sourceTree = "<group>"; };
		CEA3EB2F226BB86F00DECB79 /* MealView.swift */ = {isa = PBXFileReference; lastKnownFileType = sourcecode.swift; path = MealView.swift; sourceTree = "<group>"; };
		CEBFF333225E7B4D00C2E5DD /* Base */ = {isa = PBXFileReference; lastKnownFileType = file.storyboard; name = Base; path = Base.lproj/LaunchScreen.storyboard; sourceTree = "<group>"; };
		CEBFF334225E7B4E00C2E5DD /* Base */ = {isa = PBXFileReference; lastKnownFileType = file.storyboard; name = Base; path = Base.lproj/Main.storyboard; sourceTree = "<group>"; };
		CEBFF335225E7B4F00C2E5DD /* Base */ = {isa = PBXFileReference; lastKnownFileType = file.storyboard; name = Base; path = Base.lproj/Signing.storyboard; sourceTree = "<group>"; };
		CEBFF33B225E7C8700C2E5DD /* ru */ = {isa = PBXFileReference; lastKnownFileType = text.plist.strings; name = ru; path = ru.lproj/LaunchScreen.strings; sourceTree = "<group>"; };
		CEBFF33C225E7C8800C2E5DD /* ru */ = {isa = PBXFileReference; lastKnownFileType = text.plist.strings; name = ru; path = ru.lproj/Main.strings; sourceTree = "<group>"; };
		CEBFF33D225E7C8A00C2E5DD /* ru */ = {isa = PBXFileReference; lastKnownFileType = text.plist.strings; name = ru; path = ru.lproj/Signing.strings; sourceTree = "<group>"; };
		CEBFF33F225E7CB200C2E5DD /* en */ = {isa = PBXFileReference; lastKnownFileType = text.plist.strings; name = en; path = en.lproj/Localizable.strings; sourceTree = "<group>"; };
		CEBFF341225E7CB500C2E5DD /* ru */ = {isa = PBXFileReference; lastKnownFileType = text.plist.strings; name = ru; path = ru.lproj/Localizable.strings; sourceTree = "<group>"; };
		CEDD4D7322748A2300EE696D /* DietDay.swift */ = {isa = PBXFileReference; lastKnownFileType = sourcecode.swift; path = DietDay.swift; sourceTree = "<group>"; };
		D37759EE197B725A51A81510 /* Pods-FoodEx.debug.xcconfig */ = {isa = PBXFileReference; includeInIndex = 1; lastKnownFileType = text.xcconfig; name = "Pods-FoodEx.debug.xcconfig"; path = "Pods/Target Support Files/Pods-FoodEx/Pods-FoodEx.debug.xcconfig"; sourceTree = "<group>"; };
/* End PBXFileReference section */

/* Begin PBXFrameworksBuildPhase section */
		0A64E1D02240CA0B008301AD /* Frameworks */ = {
			isa = PBXFrameworksBuildPhase;
			buildActionMask = 2147483647;
			files = (
				5CB2F9E8B4E2FF4A123D4751 /* Pods_FoodEx.framework in Frameworks */,
			);
			runOnlyForDeploymentPostprocessing = 0;
		};
/* End PBXFrameworksBuildPhase section */

/* Begin PBXGroup section */
		0A20EF012242BCD400CCDCDF /* Support */ = {
			isa = PBXGroup;
			children = (
				CE1113A5225897BD007027A6 /* Overrides */,
				0A24900B2250D16200287773 /* Extensions */,
				0A20EEF52242BC5000CCDCDF /* Converter.swift */,
				0A20EEF92242BC5000CCDCDF /* Event.swift */,
				0A20EEFA2242BC5000CCDCDF /* FilesManager.swift */,
				0A20EEF62242BC5000CCDCDF /* LanguageManager.swift */,
				0A20EEF72242BC5000CCDCDF /* StringExtension.swift */,
				0A1503AC2244C3B900149D9F /* DesignableUITextField.swift */,
				0A4A84EF224577C600C960C0 /* KeyboardVC.swift */,
				0A22CBAF22464D7800F4CCB8 /* UIVIewExtension.swift */,
				0A6B5F0D2247C20100B5AB9F /* UI.swift */,
				CE24AE2F22770E770073A65F /* Technical.swift */,
			);
			name = Support;
			path = "New Group";
			sourceTree = "<group>";
		};
		0A22CBB12246541F00F4CCB8 /* Model */ = {
			isa = PBXGroup;
			children = (
				0A192F5322440B5100A9849A /* UserData.swift */,
				0A22CBB22246560700F4CCB8 /* Name.swift */,
				0A6B5F132247CDEA00B5AB9F /* Growth.swift */,
				0A6B5F152247CE5000B5AB9F /* Weight.swift */,
				0A2490022250D0A500287773 /* MockMessage.swift */,
				0A2490042250D0C400287773 /* MockSocket.swift */,
				CE19A56B22690E6A00A9013F /* Manager.swift */,
				CE19A56D2269103200A9013F /* PhoneNumber.swift */,
				CE1A4689226F7B6A00FE1D42 /* Meal.swift */,
				CE1A468B226F826600FE1D42 /* Dish.swift */,
				CEDD4D7322748A2300EE696D /* DietDay.swift */,
				CE15317B22759EAB002DFC3B /* Promo.swift */,
				CE29A05E2275E1F0000E9282 /* Program.swift */,
			);
			path = Model;
			sourceTree = "<group>";
		};
		0A22CBD022469D7400F4CCB8 /* Fonts */ = {
			isa = PBXGroup;
			children = (
				0A22CBD122469D7400F4CCB8 /* rns_light.otf */,
				0A22CBD222469D7400F4CCB8 /* rns_bold.otf */,
				0A22CBD322469D7500F4CCB8 /* rns_thin.otf */,
				0A22CBD422469D7500F4CCB8 /* gotham_pro_light.ttf */,
				0A22CBD522469D7500F4CCB8 /* rns_xbold.otf */,
				0A22CBD622469D7500F4CCB8 /* gotham_pro_bold.ttf */,
				0A22CBD722469D7500F4CCB8 /* rns_regular.otf */,
				0A22CBD822469D7500F4CCB8 /* rns_medium.otf */,
				0A22CBD922469D7500F4CCB8 /* gotham_pro_regular.ttf */,
				0A22CBDA22469D7500F4CCB8 /* gotham_pro_medium.ttf */,
				0A22CBDB22469D7500F4CCB8 /* rns_black.otf */,
			);
			path = Fonts;
			sourceTree = "<group>";
		};
		0A248FFF2250CE5700287773 /* Manager */ = {
			isa = PBXGroup;
			children = (
				0A2490002250CE6300287773 /* ChatVC.swift */,
				0A2490132250D5E300287773 /* ChatBaseVC.swift */,
				CE145FF12266F2E2007E7747 /* RatingVC.swift */,
				CE145FF32266F429007E7747 /* ManagerVC.swift */,
			);
			path = Manager;
			sourceTree = "<group>";
		};
		0A2490062250D10B00287773 /* Temp */ = {
			isa = PBXGroup;
			children = (
				0A2490072250D11700287773 /* SampleData.swift */,
				0A2490092250D14200287773 /* Lorem.swift */,
			);
			path = Temp;
			sourceTree = "<group>";
		};
		0A24900B2250D16200287773 /* Extensions */ = {
			isa = PBXGroup;
			children = (
				CE24D48F2257DA14002F423C /* Encodable.swift */,
				0A24900C2250D16E00287773 /* UIColor.swift */,
				0A24900F2250D18A00287773 /* UIViewController.swift */,
				0A2490112250D1F900287773 /* UserDefaults.swift */,
				0A22CBB4224690AD00F4CCB8 /* UILabel.swift */,
				CE1C4BFF225FAD6C00F7BF9E /* UIButton.swift */,
				CE1C4C01225FB0A600F7BF9E /* UITextField.swift */,
				CE1C4C03225FB5BB00F7BF9E /* UITabBarItem.swift */,
				CE32FE6B226E3ADA00A57091 /* UIView.swift */,
				CE32FE6D226E436500A57091 /* CalendarVC-ext.swift */,
			);
			path = Extensions;
			sourceTree = "<group>";
		};
		0A25742A2242202300D45B7E /* SigningVCs */ = {
			isa = PBXGroup;
			children = (
				0A25742B2242205100D45B7E /* LoginVC.swift */,
				0A18E31C22435DA500BDE385 /* VerificationView.swift */,
				0A1503AA2244B64600149D9F /* SetNameVC.swift */,
				0A6B5F0B2247A78300B5AB9F /* SetGenderVC.swift */,
				0A22CBB7224692F200F4CCB8 /* SetWeightVC.swift */,
				0A6B5F0F2247C51A00B5AB9F /* SetGrowthVC.swift */,
				0A6B5F172247D02A00B5AB9F /* SetBirthdayVC.swift */,
			);
			path = SigningVCs;
			sourceTree = "<group>";
		};
		0A64E1CA2240CA0B008301AD = {
			isa = PBXGroup;
			children = (
				CEBFF340225E7CB200C2E5DD /* Localizable.strings */,
				0A64E1D52240CA0B008301AD /* FoodEx */,
				0A64E1D42240CA0B008301AD /* Products */,
				14B211DE7343FE9361658973 /* Pods */,
				7A3E4683CCAF2F199B997703 /* Frameworks */,
			);
			sourceTree = "<group>";
		};
		0A64E1D42240CA0B008301AD /* Products */ = {
			isa = PBXGroup;
			children = (
				0A64E1D32240CA0B008301AD /* FoodEx.app */,
			);
			name = Products;
			sourceTree = "<group>";
		};
		0A64E1D52240CA0B008301AD /* FoodEx */ = {
			isa = PBXGroup;
			children = (
				CE1302FD226CB6DC00C5CD81 /* CustomViews */,
				CEA3EB2E226BB85C00DECB79 /* Views */,
				CE1205F92268F4B800F0736A /* FoodEx.entitlements */,
				0A2490062250D10B00287773 /* Temp */,
				0A64E1DD2240CA0B008301AD /* Assets.xcassets */,
				0A64E1D62240CA0B008301AD /* AppDelegate.swift */,
				0A64E1E22240CA0B008301AD /* Info.plist */,
				0A2BCDA42242C51900EB97C4 /* GoogleService-Info.plist */,
				0A8DA47C224FFF1D00A49029 /* FireServer */,
				0AEAD3A922496593000F3F81 /* MainVCs */,
				0A25742A2242202300D45B7E /* SigningVCs */,
				0A22CBB12246541F00F4CCB8 /* Model */,
				0A20EF012242BCD400CCDCDF /* Support */,
				0A22CBD022469D7400F4CCB8 /* Fonts */,
				0A64E1DF2240CA0B008301AD /* LaunchScreen.storyboard */,
				CEDC69C1225E5AC80034FA63 /* Main.storyboard */,
				CEBFF32B225E7AC300C2E5DD /* Signing.storyboard */,
			);
			path = FoodEx;
			sourceTree = "<group>";
		};
		0A829511224BFD3200A44ECE /* Home */ = {
			isa = PBXGroup;
			children = (
				CE1989EE2261D76200F496B9 /* CalendarDietCell.swift */,
				0AD251F3224AB849001E83BC /* CalendarVC.swift */,
				CE2652FD2263652B00E407D4 /* CalendarDayHeader.swift */,
				0AEAD3AA224965AA000F3F81 /* HomeTabsVC.swift */,
				0AC61D6A224B5899001A9CA7 /* HistoryVC.swift */,
				0A829514224BFD6800A44ECE /* DashboardVC.swift */,
				CE6DD1472268FF93005E1872 /* RootMainVC.swift */,
			);
			path = Home;
			sourceTree = "<group>";
		};
		0A8DA47C224FFF1D00A49029 /* FireServer */ = {
			isa = PBXGroup;
			children = (
				0A8DA4832250000100A49029 /* FireDatabase.swift */,
				0A8DA485225004C500A49029 /* FireFunctions.swift */,
			);
			path = FireServer;
			sourceTree = "<group>";
		};
		0AEAD3A922496593000F3F81 /* MainVCs */ = {
			isa = PBXGroup;
			children = (
				CE15317622759795002DFC3B /* Purchases */,
				CE2652FC2263327D00E407D4 /* Weight */,
				0A248FFF2250CE5700287773 /* Manager */,
				0A829511224BFD3200A44ECE /* Home */,
				0AD251F9224AB8D5001E83BC /* ProfileVC.swift */,
			);
			path = MainVCs;
			sourceTree = "<group>";
		};
		14B211DE7343FE9361658973 /* Pods */ = {
			isa = PBXGroup;
			children = (
				D37759EE197B725A51A81510 /* Pods-FoodEx.debug.xcconfig */,
				199D5C7C833CEFCEA831283A /* Pods-FoodEx.release.xcconfig */,
			);
			name = Pods;
			sourceTree = "<group>";
		};
		7A3E4683CCAF2F199B997703 /* Frameworks */ = {
			isa = PBXGroup;
			children = (
				BB22A149C2C0BB963E649781 /* Pods_FoodEx.framework */,
			);
			name = Frameworks;
			sourceTree = "<group>";
		};
		CE1113A5225897BD007027A6 /* Overrides */ = {
			isa = PBXGroup;
			children = (
				CE1113A6225897D3007027A6 /* UITableViewCellKor.swift */,
			);
			path = Overrides;
			sourceTree = "<group>";
		};
		CE1302FD226CB6DC00C5CD81 /* CustomViews */ = {
			isa = PBXGroup;
			children = (
				CE1302FE226CB71600C5CD81 /* MealView.xib */,
				CE26C42F226D00A9002D6D89 /* DishView.xib */,
				CE29A0602275E6BD000E9282 /* ProgramView.xib */,
				CE12162B2276E3DD00A3F1F8 /* PromoCard.xib */,
			);
			path = CustomViews;
			sourceTree = "<group>";
		};
		CE15317622759795002DFC3B /* Purchases */ = {
			isa = PBXGroup;
			children = (
				0AD251F7224AB8AB001E83BC /* PurchasesVC.swift */,
			);
			path = Purchases;
			sourceTree = "<group>";
		};
		CE2652FC2263327D00E407D4 /* Weight */ = {
			isa = PBXGroup;
			children = (
				0AC61D6C224B58BF001A9CA7 /* WeightVC.swift */,
			);
			path = Weight;
			sourceTree = "<group>";
		};
		CEA3EB2E226BB85C00DECB79 /* Views */ = {
			isa = PBXGroup;
			children = (
				CEA3EB2F226BB86F00DECB79 /* MealView.swift */,
				CE130300226CC38E00C5CD81 /* CardView.swift */,
				CE26C431226D00FE002D6D89 /* DishView.swift */,
				CE29A0642275FCCD000E9282 /* ProgramView.swift */,
				CE15317722759B1D002DFC3B /* PromoCard.swift */,
			);
			path = Views;
			sourceTree = "<group>";
		};
/* End PBXGroup section */

/* Begin PBXNativeTarget section */
		0A64E1D22240CA0B008301AD /* FoodEx */ = {
			isa = PBXNativeTarget;
			buildConfigurationList = 0A64E1E52240CA0B008301AD /* Build configuration list for PBXNativeTarget "FoodEx" */;
			buildPhases = (
				951F4347AA95D3B394BBE193 /* [CP] Check Pods Manifest.lock */,
				0A64E1CF2240CA0B008301AD /* Sources */,
				0A64E1D02240CA0B008301AD /* Frameworks */,
				0A64E1D12240CA0B008301AD /* Resources */,
				BD25D8DC38C4B69200CC45DE /* [CP] Embed Pods Frameworks */,
			);
			buildRules = (
			);
			dependencies = (
			);
			name = FoodEx;
			productName = FoodEx;
			productReference = 0A64E1D32240CA0B008301AD /* FoodEx.app */;
			productType = "com.apple.product-type.application";
		};
/* End PBXNativeTarget section */

/* Begin PBXProject section */
		0A64E1CB2240CA0B008301AD /* Project object */ = {
			isa = PBXProject;
			attributes = {
				LastSwiftUpdateCheck = 1010;
				LastUpgradeCheck = 1010;
				ORGANIZATIONNAME = KorLab;
				TargetAttributes = {
					0A64E1D22240CA0B008301AD = {
						CreatedOnToolsVersion = 10.1;
						SystemCapabilities = {
							com.apple.ApplePay = {
								enabled = 1;
							};
							com.apple.Push = {
								enabled = 1;
							};
						};
					};
				};
			};
			buildConfigurationList = 0A64E1CE2240CA0B008301AD /* Build configuration list for PBXProject "FoodEx" */;
			compatibilityVersion = "Xcode 9.3";
			developmentRegion = en;
			hasScannedForEncodings = 0;
			knownRegions = (
				en,
				Base,
				ru,
				uk,
			);
			mainGroup = 0A64E1CA2240CA0B008301AD;
			productRefGroup = 0A64E1D42240CA0B008301AD /* Products */;
			projectDirPath = "";
			projectRoot = "";
			targets = (
				0A64E1D22240CA0B008301AD /* FoodEx */,
			);
		};
/* End PBXProject section */

/* Begin PBXResourcesBuildPhase section */
		0A64E1D12240CA0B008301AD /* Resources */ = {
			isa = PBXResourcesBuildPhase;
			buildActionMask = 2147483647;
			files = (
				CEBFF33E225E7CB200C2E5DD /* Localizable.strings in Resources */,
				0A22CBE322469D7500F4CCB8 /* rns_medium.otf in Resources */,
				0A64E1E12240CA0B008301AD /* LaunchScreen.storyboard in Resources */,
				CE1302FF226CB71600C5CD81 /* MealView.xib in Resources */,
				0A22CBDC22469D7500F4CCB8 /* rns_light.otf in Resources */,
				0A22CBDD22469D7500F4CCB8 /* rns_bold.otf in Resources */,
				0A22CBE122469D7500F4CCB8 /* gotham_pro_bold.ttf in Resources */,
				0A22CBE622469D7500F4CCB8 /* rns_black.otf in Resources */,
				0A22CBE422469D7500F4CCB8 /* gotham_pro_regular.ttf in Resources */,
				0A22CBE222469D7500F4CCB8 /* rns_regular.otf in Resources */,
				CE26C430226D00A9002D6D89 /* DishView.xib in Resources */,
				CE29A0612275E6BD000E9282 /* ProgramView.xib in Resources */,
				CEBFF32D225E7AC400C2E5DD /* Signing.storyboard in Resources */,
				CE12162C2276E3DD00A3F1F8 /* PromoCard.xib in Resources */,
				0A22CBE522469D7500F4CCB8 /* gotham_pro_medium.ttf in Resources */,
				0A2BCDA52242C51900EB97C4 /* GoogleService-Info.plist in Resources */,
				0A22CBE022469D7500F4CCB8 /* rns_xbold.otf in Resources */,
				CEDC69C3225E5AC80034FA63 /* Main.storyboard in Resources */,
				0A64E1DE2240CA0B008301AD /* Assets.xcassets in Resources */,
				0A22CBDE22469D7500F4CCB8 /* rns_thin.otf in Resources */,
				0A22CBDF22469D7500F4CCB8 /* gotham_pro_light.ttf in Resources */,
			);
			runOnlyForDeploymentPostprocessing = 0;
		};
/* End PBXResourcesBuildPhase section */

/* Begin PBXShellScriptBuildPhase section */
		951F4347AA95D3B394BBE193 /* [CP] Check Pods Manifest.lock */ = {
			isa = PBXShellScriptBuildPhase;
			buildActionMask = 2147483647;
			files = (
			);
			inputFileListPaths = (
			);
			inputPaths = (
				"${PODS_PODFILE_DIR_PATH}/Podfile.lock",
				"${PODS_ROOT}/Manifest.lock",
			);
			name = "[CP] Check Pods Manifest.lock";
			outputFileListPaths = (
			);
			outputPaths = (
				"$(DERIVED_FILE_DIR)/Pods-FoodEx-checkManifestLockResult.txt",
			);
			runOnlyForDeploymentPostprocessing = 0;
			shellPath = /bin/sh;
			shellScript = "diff \"${PODS_PODFILE_DIR_PATH}/Podfile.lock\" \"${PODS_ROOT}/Manifest.lock\" > /dev/null\nif [ $? != 0 ] ; then\n    # print error to STDERR\n    echo \"error: The sandbox is not in sync with the Podfile.lock. Run 'pod install' or update your CocoaPods installation.\" >&2\n    exit 1\nfi\n# This output is used by Xcode 'outputs' to avoid re-running this script phase.\necho \"SUCCESS\" > \"${SCRIPT_OUTPUT_FILE_0}\"\n";
			showEnvVarsInLog = 0;
		};
		BD25D8DC38C4B69200CC45DE /* [CP] Embed Pods Frameworks */ = {
			isa = PBXShellScriptBuildPhase;
			buildActionMask = 2147483647;
			files = (
			);
			inputFileListPaths = (
			);
			inputPaths = (
				"${PODS_ROOT}/Target Support Files/Pods-FoodEx/Pods-FoodEx-frameworks.sh",
				"${BUILT_PRODUCTS_DIR}/Alamofire/Alamofire.framework",
				"${BUILT_PRODUCTS_DIR}/BoringSSL-GRPC/openssl_grpc.framework",
				"${BUILT_PRODUCTS_DIR}/Charts/Charts.framework",
				"${BUILT_PRODUCTS_DIR}/Cosmos/Cosmos.framework",
				"${BUILT_PRODUCTS_DIR}/CountdownLabel/CountdownLabel.framework",
				"${BUILT_PRODUCTS_DIR}/GTMSessionFetcher/GTMSessionFetcher.framework",
				"${BUILT_PRODUCTS_DIR}/GoogleUtilities/GoogleUtilities.framework",
				"${BUILT_PRODUCTS_DIR}/InputMask/InputMask.framework",
				"${BUILT_PRODUCTS_DIR}/JTAppleCalendar/JTAppleCalendar.framework",
				"${BUILT_PRODUCTS_DIR}/MessageInputBar/MessageInputBar.framework",
				"${BUILT_PRODUCTS_DIR}/MessageKit/MessageKit.framework",
				"${BUILT_PRODUCTS_DIR}/NVActivityIndicatorView/NVActivityIndicatorView.framework",
				"${BUILT_PRODUCTS_DIR}/PlatonSDK/PlatonSDK.framework",
				"${BUILT_PRODUCTS_DIR}/Protobuf/Protobuf.framework",
				"${BUILT_PRODUCTS_DIR}/SkeletonView/SkeletonView.framework",
				"${BUILT_PRODUCTS_DIR}/SwiftHash/SwiftHash.framework",
				"${BUILT_PRODUCTS_DIR}/SwiftMessages/SwiftMessages.framework",
				"${BUILT_PRODUCTS_DIR}/UPCarouselFlowLayout/UPCarouselFlowLayout.framework",
				"${BUILT_PRODUCTS_DIR}/XLPagerTabStrip/XLPagerTabStrip.framework",
				"${BUILT_PRODUCTS_DIR}/gRPC-C++/grpcpp.framework",
				"${BUILT_PRODUCTS_DIR}/gRPC-Core/grpc.framework",
				"${BUILT_PRODUCTS_DIR}/leveldb-library/leveldb.framework",
				"${BUILT_PRODUCTS_DIR}/nanopb/nanopb.framework",
			);
			name = "[CP] Embed Pods Frameworks";
			outputFileListPaths = (
			);
			outputPaths = (
				"${TARGET_BUILD_DIR}/${FRAMEWORKS_FOLDER_PATH}/Alamofire.framework",
				"${TARGET_BUILD_DIR}/${FRAMEWORKS_FOLDER_PATH}/openssl_grpc.framework",
				"${TARGET_BUILD_DIR}/${FRAMEWORKS_FOLDER_PATH}/Charts.framework",
				"${TARGET_BUILD_DIR}/${FRAMEWORKS_FOLDER_PATH}/Cosmos.framework",
				"${TARGET_BUILD_DIR}/${FRAMEWORKS_FOLDER_PATH}/CountdownLabel.framework",
				"${TARGET_BUILD_DIR}/${FRAMEWORKS_FOLDER_PATH}/GTMSessionFetcher.framework",
				"${TARGET_BUILD_DIR}/${FRAMEWORKS_FOLDER_PATH}/GoogleUtilities.framework",
				"${TARGET_BUILD_DIR}/${FRAMEWORKS_FOLDER_PATH}/InputMask.framework",
				"${TARGET_BUILD_DIR}/${FRAMEWORKS_FOLDER_PATH}/JTAppleCalendar.framework",
				"${TARGET_BUILD_DIR}/${FRAMEWORKS_FOLDER_PATH}/MessageInputBar.framework",
				"${TARGET_BUILD_DIR}/${FRAMEWORKS_FOLDER_PATH}/MessageKit.framework",
				"${TARGET_BUILD_DIR}/${FRAMEWORKS_FOLDER_PATH}/NVActivityIndicatorView.framework",
				"${TARGET_BUILD_DIR}/${FRAMEWORKS_FOLDER_PATH}/PlatonSDK.framework",
				"${TARGET_BUILD_DIR}/${FRAMEWORKS_FOLDER_PATH}/Protobuf.framework",
				"${TARGET_BUILD_DIR}/${FRAMEWORKS_FOLDER_PATH}/SkeletonView.framework",
				"${TARGET_BUILD_DIR}/${FRAMEWORKS_FOLDER_PATH}/SwiftHash.framework",
				"${TARGET_BUILD_DIR}/${FRAMEWORKS_FOLDER_PATH}/SwiftMessages.framework",
				"${TARGET_BUILD_DIR}/${FRAMEWORKS_FOLDER_PATH}/UPCarouselFlowLayout.framework",
				"${TARGET_BUILD_DIR}/${FRAMEWORKS_FOLDER_PATH}/XLPagerTabStrip.framework",
				"${TARGET_BUILD_DIR}/${FRAMEWORKS_FOLDER_PATH}/grpcpp.framework",
				"${TARGET_BUILD_DIR}/${FRAMEWORKS_FOLDER_PATH}/grpc.framework",
				"${TARGET_BUILD_DIR}/${FRAMEWORKS_FOLDER_PATH}/leveldb.framework",
				"${TARGET_BUILD_DIR}/${FRAMEWORKS_FOLDER_PATH}/nanopb.framework",
			);
			runOnlyForDeploymentPostprocessing = 0;
			shellPath = /bin/sh;
			shellScript = "\"${PODS_ROOT}/Target Support Files/Pods-FoodEx/Pods-FoodEx-frameworks.sh\"\n";
			showEnvVarsInLog = 0;
		};
/* End PBXShellScriptBuildPhase section */

/* Begin PBXSourcesBuildPhase section */
		0A64E1CF2240CA0B008301AD /* Sources */ = {
			isa = PBXSourcesBuildPhase;
			buildActionMask = 2147483647;
			files = (
				0A22CBB022464D7800F4CCB8 /* UIVIewExtension.swift in Sources */,
				0A6B5F162247CE5000B5AB9F /* Weight.swift in Sources */,
				0A6B5F102247C51A00B5AB9F /* SetGrowthVC.swift in Sources */,
				0A22CBB8224692F200F4CCB8 /* SetWeightVC.swift in Sources */,
				CEDD4D7422748A2300EE696D /* DietDay.swift in Sources */,
				0A20EEFF2242BC5000CCDCDF /* Event.swift in Sources */,
				0A25742C2242205100D45B7E /* LoginVC.swift in Sources */,
				CE24AE3022770E770073A65F /* Technical.swift in Sources */,
				CE1C4C02225FB0A600F7BF9E /* UITextField.swift in Sources */,
				CE32FE6E226E436500A57091 /* CalendarVC-ext.swift in Sources */,
				0A6B5F142247CDEA00B5AB9F /* Growth.swift in Sources */,
				0A4A84F0224577C600C960C0 /* KeyboardVC.swift in Sources */,
				0A8DA4842250000100A49029 /* FireDatabase.swift in Sources */,
				0AD251F8224AB8AB001E83BC /* PurchasesVC.swift in Sources */,
				CE145FF22266F2E2007E7747 /* RatingVC.swift in Sources */,
				0A1503AD2244C3B900149D9F /* DesignableUITextField.swift in Sources */,
				0A22CBB5224690AD00F4CCB8 /* UILabel.swift in Sources */,
				0A20EEFD2242BC5000CCDCDF /* StringExtension.swift in Sources */,
				0A6B5F0C2247A78300B5AB9F /* SetGenderVC.swift in Sources */,
				CE19A56C22690E6A00A9013F /* Manager.swift in Sources */,
				0A2490102250D18A00287773 /* UIViewController.swift in Sources */,
				CE24D4902257DA14002F423C /* Encodable.swift in Sources */,
				0AEAD3AB224965AA000F3F81 /* HomeTabsVC.swift in Sources */,
				0A2490122250D1F900287773 /* UserDefaults.swift in Sources */,
				CE1C4C00225FAD6C00F7BF9E /* UIButton.swift in Sources */,
				0A6B5F182247D02A00B5AB9F /* SetBirthdayVC.swift in Sources */,
				CE19A56E2269103200A9013F /* PhoneNumber.swift in Sources */,
				CE1A468A226F7B6A00FE1D42 /* Meal.swift in Sources */,
				CE15317C22759EAB002DFC3B /* Promo.swift in Sources */,
				CE32FE6C226E3ADA00A57091 /* UIView.swift in Sources */,
				CE1C4C04225FB5BB00F7BF9E /* UITabBarItem.swift in Sources */,
				0A20EEFB2242BC5000CCDCDF /* Converter.swift in Sources */,
				CE29A0652275FCCD000E9282 /* ProgramView.swift in Sources */,
				0A1503AB2244B64600149D9F /* SetNameVC.swift in Sources */,
				CE29A05F2275E1F0000E9282 /* Program.swift in Sources */,
				CE1113A7225897D3007027A6 /* UITableViewCellKor.swift in Sources */,
				CEA3EB30226BB86F00DECB79 /* MealView.swift in Sources */,
				0A22CBB32246560700F4CCB8 /* Name.swift in Sources */,
				CE1A468C226F826600FE1D42 /* Dish.swift in Sources */,
				0A2490032250D0A500287773 /* MockMessage.swift in Sources */,
				CE15317822759B1D002DFC3B /* PromoCard.swift in Sources */,
				CE26C432226D00FE002D6D89 /* DishView.swift in Sources */,
				0A24900D2250D16E00287773 /* UIColor.swift in Sources */,
				0A2490052250D0C400287773 /* MockSocket.swift in Sources */,
				0A24900A2250D14200287773 /* Lorem.swift in Sources */,
				0AC61D6D224B58BF001A9CA7 /* WeightVC.swift in Sources */,
				0A18E31D22435DA500BDE385 /* VerificationView.swift in Sources */,
				0A829515224BFD6800A44ECE /* DashboardVC.swift in Sources */,
				CE130301226CC38E00C5CD81 /* CardView.swift in Sources */,
				0A2490012250CE6300287773 /* ChatVC.swift in Sources */,
				CE6DD1482268FF93005E1872 /* RootMainVC.swift in Sources */,
				CE2652FE2263652B00E407D4 /* CalendarDayHeader.swift in Sources */,
				0A64E1D72240CA0B008301AD /* AppDelegate.swift in Sources */,
				CE145FF42266F429007E7747 /* ManagerVC.swift in Sources */,
				0A2490082250D11700287773 /* SampleData.swift in Sources */,
				0AD251FA224AB8D5001E83BC /* ProfileVC.swift in Sources */,
				0A20EEFC2242BC5000CCDCDF /* LanguageManager.swift in Sources */,
				0AC61D6B224B5899001A9CA7 /* HistoryVC.swift in Sources */,
				0A8DA486225004C500A49029 /* FireFunctions.swift in Sources */,
				0A192F5422440B5100A9849A /* UserData.swift in Sources */,
				0A6B5F0E2247C20100B5AB9F /* UI.swift in Sources */,
				0A2490142250D5E400287773 /* ChatBaseVC.swift in Sources */,
				0A20EF002242BC5000CCDCDF /* FilesManager.swift in Sources */,
				0AD251F4224AB849001E83BC /* CalendarVC.swift in Sources */,
				CE1989EF2261D76200F496B9 /* CalendarDietCell.swift in Sources */,
			);
			runOnlyForDeploymentPostprocessing = 0;
		};
/* End PBXSourcesBuildPhase section */

/* Begin PBXVariantGroup section */
		0A64E1DF2240CA0B008301AD /* LaunchScreen.storyboard */ = {
			isa = PBXVariantGroup;
			children = (
				CEBFF333225E7B4D00C2E5DD /* Base */,
				CEBFF33B225E7C8700C2E5DD /* ru */,
				CE1C4BFB225FA6D500F7BF9E /* uk */,
			);
			name = LaunchScreen.storyboard;
			sourceTree = "<group>";
		};
		CEBFF32B225E7AC300C2E5DD /* Signing.storyboard */ = {
			isa = PBXVariantGroup;
			children = (
				CEBFF335225E7B4F00C2E5DD /* Base */,
				CEBFF33D225E7C8A00C2E5DD /* ru */,
				CE1C4BFD225FA6D800F7BF9E /* uk */,
			);
			name = Signing.storyboard;
			sourceTree = "<group>";
		};
		CEBFF340225E7CB200C2E5DD /* Localizable.strings */ = {
			isa = PBXVariantGroup;
			children = (
				CEBFF33F225E7CB200C2E5DD /* en */,
				CEBFF341225E7CB500C2E5DD /* ru */,
				CE1C4BFE225FA6D900F7BF9E /* uk */,
			);
			name = Localizable.strings;
			path = FoodEx;
			sourceTree = "<group>";
		};
		CEDC69C1225E5AC80034FA63 /* Main.storyboard */ = {
			isa = PBXVariantGroup;
			children = (
				CEBFF334225E7B4E00C2E5DD /* Base */,
				CEBFF33C225E7C8800C2E5DD /* ru */,
				CE1C4BFC225FA6D700F7BF9E /* uk */,
			);
			name = Main.storyboard;
			sourceTree = "<group>";
		};
/* End PBXVariantGroup section */

/* Begin XCBuildConfiguration section */
		0A64E1E32240CA0B008301AD /* Debug */ = {
			isa = XCBuildConfiguration;
			buildSettings = {
				ALWAYS_SEARCH_USER_PATHS = NO;
				CLANG_ANALYZER_LOCALIZABILITY_NONLOCALIZED = YES;
				CLANG_ANALYZER_NONNULL = YES;
				CLANG_ANALYZER_NUMBER_OBJECT_CONVERSION = YES_AGGRESSIVE;
				CLANG_CXX_LANGUAGE_STANDARD = "gnu++14";
				CLANG_CXX_LIBRARY = "libc++";
				CLANG_ENABLE_MODULES = YES;
				CLANG_ENABLE_OBJC_ARC = YES;
				CLANG_ENABLE_OBJC_WEAK = YES;
				CLANG_WARN_BLOCK_CAPTURE_AUTORELEASING = YES;
				CLANG_WARN_BOOL_CONVERSION = YES;
				CLANG_WARN_COMMA = YES;
				CLANG_WARN_CONSTANT_CONVERSION = YES;
				CLANG_WARN_DEPRECATED_OBJC_IMPLEMENTATIONS = YES;
				CLANG_WARN_DIRECT_OBJC_ISA_USAGE = YES_ERROR;
				CLANG_WARN_DOCUMENTATION_COMMENTS = YES;
				CLANG_WARN_EMPTY_BODY = YES;
				CLANG_WARN_ENUM_CONVERSION = YES;
				CLANG_WARN_INFINITE_RECURSION = YES;
				CLANG_WARN_INT_CONVERSION = YES;
				CLANG_WARN_NON_LITERAL_NULL_CONVERSION = YES;
				CLANG_WARN_OBJC_IMPLICIT_RETAIN_SELF = YES;
				CLANG_WARN_OBJC_LITERAL_CONVERSION = YES;
				CLANG_WARN_OBJC_ROOT_CLASS = YES_ERROR;
				CLANG_WARN_RANGE_LOOP_ANALYSIS = YES;
				CLANG_WARN_STRICT_PROTOTYPES = YES;
				CLANG_WARN_SUSPICIOUS_MOVE = YES;
				CLANG_WARN_UNGUARDED_AVAILABILITY = YES_AGGRESSIVE;
				CLANG_WARN_UNREACHABLE_CODE = YES;
				CLANG_WARN__DUPLICATE_METHOD_MATCH = YES;
				CODE_SIGN_IDENTITY = "iPhone Developer";
				COPY_PHASE_STRIP = NO;
				DEBUG_INFORMATION_FORMAT = dwarf;
				ENABLE_STRICT_OBJC_MSGSEND = YES;
				ENABLE_TESTABILITY = YES;
				GCC_C_LANGUAGE_STANDARD = gnu11;
				GCC_DYNAMIC_NO_PIC = NO;
				GCC_NO_COMMON_BLOCKS = YES;
				GCC_OPTIMIZATION_LEVEL = 0;
				GCC_PREPROCESSOR_DEFINITIONS = (
					"DEBUG=1",
					"$(inherited)",
				);
				GCC_WARN_64_TO_32_BIT_CONVERSION = YES;
				GCC_WARN_ABOUT_RETURN_TYPE = YES_ERROR;
				GCC_WARN_UNDECLARED_SELECTOR = YES;
				GCC_WARN_UNINITIALIZED_AUTOS = YES_AGGRESSIVE;
				GCC_WARN_UNUSED_FUNCTION = YES;
				GCC_WARN_UNUSED_VARIABLE = YES;
				IPHONEOS_DEPLOYMENT_TARGET = 12.1;
				MTL_ENABLE_DEBUG_INFO = INCLUDE_SOURCE;
				MTL_FAST_MATH = YES;
				ONLY_ACTIVE_ARCH = YES;
				SDKROOT = iphoneos;
				SWIFT_ACTIVE_COMPILATION_CONDITIONS = DEBUG;
				SWIFT_OPTIMIZATION_LEVEL = "-Onone";
			};
			name = Debug;
		};
		0A64E1E42240CA0B008301AD /* Release */ = {
			isa = XCBuildConfiguration;
			buildSettings = {
				ALWAYS_SEARCH_USER_PATHS = NO;
				CLANG_ANALYZER_LOCALIZABILITY_NONLOCALIZED = YES;
				CLANG_ANALYZER_NONNULL = YES;
				CLANG_ANALYZER_NUMBER_OBJECT_CONVERSION = YES_AGGRESSIVE;
				CLANG_CXX_LANGUAGE_STANDARD = "gnu++14";
				CLANG_CXX_LIBRARY = "libc++";
				CLANG_ENABLE_MODULES = YES;
				CLANG_ENABLE_OBJC_ARC = YES;
				CLANG_ENABLE_OBJC_WEAK = YES;
				CLANG_WARN_BLOCK_CAPTURE_AUTORELEASING = YES;
				CLANG_WARN_BOOL_CONVERSION = YES;
				CLANG_WARN_COMMA = YES;
				CLANG_WARN_CONSTANT_CONVERSION = YES;
				CLANG_WARN_DEPRECATED_OBJC_IMPLEMENTATIONS = YES;
				CLANG_WARN_DIRECT_OBJC_ISA_USAGE = YES_ERROR;
				CLANG_WARN_DOCUMENTATION_COMMENTS = YES;
				CLANG_WARN_EMPTY_BODY = YES;
				CLANG_WARN_ENUM_CONVERSION = YES;
				CLANG_WARN_INFINITE_RECURSION = YES;
				CLANG_WARN_INT_CONVERSION = YES;
				CLANG_WARN_NON_LITERAL_NULL_CONVERSION = YES;
				CLANG_WARN_OBJC_IMPLICIT_RETAIN_SELF = YES;
				CLANG_WARN_OBJC_LITERAL_CONVERSION = YES;
				CLANG_WARN_OBJC_ROOT_CLASS = YES_ERROR;
				CLANG_WARN_RANGE_LOOP_ANALYSIS = YES;
				CLANG_WARN_STRICT_PROTOTYPES = YES;
				CLANG_WARN_SUSPICIOUS_MOVE = YES;
				CLANG_WARN_UNGUARDED_AVAILABILITY = YES_AGGRESSIVE;
				CLANG_WARN_UNREACHABLE_CODE = YES;
				CLANG_WARN__DUPLICATE_METHOD_MATCH = YES;
				CODE_SIGN_IDENTITY = "iPhone Developer";
				COPY_PHASE_STRIP = NO;
				DEBUG_INFORMATION_FORMAT = "dwarf-with-dsym";
				ENABLE_NS_ASSERTIONS = NO;
				ENABLE_STRICT_OBJC_MSGSEND = YES;
				GCC_C_LANGUAGE_STANDARD = gnu11;
				GCC_NO_COMMON_BLOCKS = YES;
				GCC_WARN_64_TO_32_BIT_CONVERSION = YES;
				GCC_WARN_ABOUT_RETURN_TYPE = YES_ERROR;
				GCC_WARN_UNDECLARED_SELECTOR = YES;
				GCC_WARN_UNINITIALIZED_AUTOS = YES_AGGRESSIVE;
				GCC_WARN_UNUSED_FUNCTION = YES;
				GCC_WARN_UNUSED_VARIABLE = YES;
				IPHONEOS_DEPLOYMENT_TARGET = 12.1;
				MTL_ENABLE_DEBUG_INFO = NO;
				MTL_FAST_MATH = YES;
				SDKROOT = iphoneos;
				SWIFT_COMPILATION_MODE = wholemodule;
				SWIFT_OPTIMIZATION_LEVEL = "-O";
				VALIDATE_PRODUCT = YES;
			};
			name = Release;
		};
		0A64E1E62240CA0B008301AD /* Debug */ = {
			isa = XCBuildConfiguration;
			baseConfigurationReference = D37759EE197B725A51A81510 /* Pods-FoodEx.debug.xcconfig */;
			buildSettings = {
				ASSETCATALOG_COMPILER_APPICON_NAME = AppIcon;
				CODE_SIGN_ENTITLEMENTS = FoodEx/FoodEx.entitlements;
				CODE_SIGN_STYLE = Automatic;
				DEVELOPMENT_TEAM = T9A7N2D7J2;
				INFOPLIST_FILE = FoodEx/Info.plist;
				IPHONEOS_DEPLOYMENT_TARGET = 12.2;
				LD_RUNPATH_SEARCH_PATHS = (
					"$(inherited)",
					"@executable_path/Frameworks",
				);
				PRODUCT_BUNDLE_IDENTIFIER = com.korlab.foodex;
				PRODUCT_NAME = "$(TARGET_NAME)";
				SWIFT_VERSION = 4.2;
				TARGETED_DEVICE_FAMILY = 1;
			};
			name = Debug;
		};
		0A64E1E72240CA0B008301AD /* Release */ = {
			isa = XCBuildConfiguration;
			baseConfigurationReference = 199D5C7C833CEFCEA831283A /* Pods-FoodEx.release.xcconfig */;
			buildSettings = {
				ASSETCATALOG_COMPILER_APPICON_NAME = AppIcon;
				CODE_SIGN_ENTITLEMENTS = FoodEx/FoodEx.entitlements;
				CODE_SIGN_STYLE = Automatic;
				DEVELOPMENT_TEAM = T9A7N2D7J2;
				INFOPLIST_FILE = FoodEx/Info.plist;
				IPHONEOS_DEPLOYMENT_TARGET = 12.2;
				LD_RUNPATH_SEARCH_PATHS = (
					"$(inherited)",
					"@executable_path/Frameworks",
				);
				PRODUCT_BUNDLE_IDENTIFIER = com.korlab.foodex;
				PRODUCT_NAME = "$(TARGET_NAME)";
				SWIFT_VERSION = 4.2;
				TARGETED_DEVICE_FAMILY = 1;
			};
			name = Release;
		};
/* End XCBuildConfiguration section */

/* Begin XCConfigurationList section */
		0A64E1CE2240CA0B008301AD /* Build configuration list for PBXProject "FoodEx" */ = {
			isa = XCConfigurationList;
			buildConfigurations = (
				0A64E1E32240CA0B008301AD /* Debug */,
				0A64E1E42240CA0B008301AD /* Release */,
			);
			defaultConfigurationIsVisible = 0;
			defaultConfigurationName = Release;
		};
		0A64E1E52240CA0B008301AD /* Build configuration list for PBXNativeTarget "FoodEx" */ = {
			isa = XCConfigurationList;
			buildConfigurations = (
				0A64E1E62240CA0B008301AD /* Debug */,
				0A64E1E72240CA0B008301AD /* Release */,
			);
			defaultConfigurationIsVisible = 0;
			defaultConfigurationName = Release;
		};
/* End XCConfigurationList section */
	};
	rootObject = 0A64E1CB2240CA0B008301AD /* Project object */;
}
